// !$*UTF8*$!
{
	archiveVersion = 1;
	classes = {
	};
	objectVersion = 50;
	objects = {

/* Begin PBXBuildFile section */
		2802AC6026998EE900741112 /* Song.swift in Sources */ = {isa = PBXBuildFile; fileRef = 2802AC5F26998EE900741112 /* Song.swift */; };
		2802AC6F2699993500741112 /* FakeSong.swift in Sources */ = {isa = PBXBuildFile; fileRef = 2802AC6E2699993500741112 /* FakeSong.swift */; };
		28AA93CD267F610600D33F25 /* AppDelegate.swift in Sources */ = {isa = PBXBuildFile; fileRef = 28AA93CC267F610600D33F25 /* AppDelegate.swift */; };
		28AA93CF267F610600D33F25 /* SceneDelegate.swift in Sources */ = {isa = PBXBuildFile; fileRef = 28AA93CE267F610600D33F25 /* SceneDelegate.swift */; };
		28AA93D6267F610800D33F25 /* Assets.xcassets in Resources */ = {isa = PBXBuildFile; fileRef = 28AA93D5267F610800D33F25 /* Assets.xcassets */; };
		28AA93D9267F610800D33F25 /* LaunchScreen.storyboard in Resources */ = {isa = PBXBuildFile; fileRef = 28AA93D7267F610800D33F25 /* LaunchScreen.storyboard */; };
		28AA93E4267F610800D33F25 /* MusicAppTests.swift in Sources */ = {isa = PBXBuildFile; fileRef = 28AA93E3267F610800D33F25 /* MusicAppTests.swift */; };
		28AA93EF267F610800D33F25 /* MusicAppUITests.swift in Sources */ = {isa = PBXBuildFile; fileRef = 28AA93EE267F610800D33F25 /* MusicAppUITests.swift */; };
		28FB651A26923F7500938AC3 /* PlayListViewController.swift in Sources */ = {isa = PBXBuildFile; fileRef = 28FB651926923F7500938AC3 /* PlayListViewController.swift */; };
		28FB65332692515500938AC3 /* PlayListTableViewCell.swift in Sources */ = {isa = PBXBuildFile; fileRef = 28FB65322692515500938AC3 /* PlayListTableViewCell.swift */; };
		28FB653B2692549600938AC3 /* song1.mp3 in Resources */ = {isa = PBXBuildFile; fileRef = 28FB65382692549600938AC3 /* song1.mp3 */; };
		28FB653C2692549600938AC3 /* song2.mp3 in Resources */ = {isa = PBXBuildFile; fileRef = 28FB65392692549600938AC3 /* song2.mp3 */; };
		28FB653D2692549600938AC3 /* song3.mp3 in Resources */ = {isa = PBXBuildFile; fileRef = 28FB653A2692549600938AC3 /* song3.mp3 */; };
/* End PBXBuildFile section */

/* Begin PBXContainerItemProxy section */
		28AA93E0267F610800D33F25 /* PBXContainerItemProxy */ = {
			isa = PBXContainerItemProxy;
			containerPortal = 28AA93C1267F610600D33F25 /* Project object */;
			proxyType = 1;
			remoteGlobalIDString = 28AA93C8267F610600D33F25;
			remoteInfo = MusicApp;
		};
		28AA93EB267F610800D33F25 /* PBXContainerItemProxy */ = {
			isa = PBXContainerItemProxy;
			containerPortal = 28AA93C1267F610600D33F25 /* Project object */;
			proxyType = 1;
			remoteGlobalIDString = 28AA93C8267F610600D33F25;
			remoteInfo = MusicApp;
		};
/* End PBXContainerItemProxy section */

/* Begin PBXFileReference section */
		2802AC5F26998EE900741112 /* Song.swift */ = {isa = PBXFileReference; lastKnownFileType = sourcecode.swift; path = Song.swift; sourceTree = "<group>"; };
		2802AC6E2699993500741112 /* FakeSong.swift */ = {isa = PBXFileReference; lastKnownFileType = sourcecode.swift; path = FakeSong.swift; sourceTree = "<group>"; };
		28AA93C9267F610600D33F25 /* MusicApp.app */ = {isa = PBXFileReference; explicitFileType = wrapper.application; includeInIndex = 0; path = MusicApp.app; sourceTree = BUILT_PRODUCTS_DIR; };
		28AA93CC267F610600D33F25 /* AppDelegate.swift */ = {isa = PBXFileReference; lastKnownFileType = sourcecode.swift; path = AppDelegate.swift; sourceTree = "<group>"; };
		28AA93CE267F610600D33F25 /* SceneDelegate.swift */ = {isa = PBXFileReference; lastKnownFileType = sourcecode.swift; path = SceneDelegate.swift; sourceTree = "<group>"; };
		28AA93D5267F610800D33F25 /* Assets.xcassets */ = {isa = PBXFileReference; lastKnownFileType = folder.assetcatalog; path = Assets.xcassets; sourceTree = "<group>"; };
		28AA93D8267F610800D33F25 /* Base */ = {isa = PBXFileReference; lastKnownFileType = file.storyboard; name = Base; path = Base.lproj/LaunchScreen.storyboard; sourceTree = "<group>"; };
		28AA93DA267F610800D33F25 /* Info.plist */ = {isa = PBXFileReference; lastKnownFileType = text.plist.xml; path = Info.plist; sourceTree = "<group>"; };
		28AA93DF267F610800D33F25 /* MusicAppTests.xctest */ = {isa = PBXFileReference; explicitFileType = wrapper.cfbundle; includeInIndex = 0; path = MusicAppTests.xctest; sourceTree = BUILT_PRODUCTS_DIR; };
		28AA93E3267F610800D33F25 /* MusicAppTests.swift */ = {isa = PBXFileReference; lastKnownFileType = sourcecode.swift; path = MusicAppTests.swift; sourceTree = "<group>"; };
		28AA93E5267F610800D33F25 /* Info.plist */ = {isa = PBXFileReference; lastKnownFileType = text.plist.xml; path = Info.plist; sourceTree = "<group>"; };
		28AA93EA267F610800D33F25 /* MusicAppUITests.xctest */ = {isa = PBXFileReference; explicitFileType = wrapper.cfbundle; includeInIndex = 0; path = MusicAppUITests.xctest; sourceTree = BUILT_PRODUCTS_DIR; };
		28AA93EE267F610800D33F25 /* MusicAppUITests.swift */ = {isa = PBXFileReference; lastKnownFileType = sourcecode.swift; path = MusicAppUITests.swift; sourceTree = "<group>"; };
		28AA93F0267F610800D33F25 /* Info.plist */ = {isa = PBXFileReference; lastKnownFileType = text.plist.xml; path = Info.plist; sourceTree = "<group>"; };
		28FB651926923F7500938AC3 /* PlayListViewController.swift */ = {isa = PBXFileReference; lastKnownFileType = sourcecode.swift; path = PlayListViewController.swift; sourceTree = "<group>"; };
		28FB65322692515500938AC3 /* PlayListTableViewCell.swift */ = {isa = PBXFileReference; lastKnownFileType = sourcecode.swift; path = PlayListTableViewCell.swift; sourceTree = "<group>"; };
		28FB65382692549600938AC3 /* song1.mp3 */ = {isa = PBXFileReference; lastKnownFileType = audio.mp3; path = song1.mp3; sourceTree = "<group>"; };
		28FB65392692549600938AC3 /* song2.mp3 */ = {isa = PBXFileReference; lastKnownFileType = audio.mp3; path = song2.mp3; sourceTree = "<group>"; };
		28FB653A2692549600938AC3 /* song3.mp3 */ = {isa = PBXFileReference; lastKnownFileType = audio.mp3; path = song3.mp3; sourceTree = "<group>"; };
/* End PBXFileReference section */

/* Begin PBXFrameworksBuildPhase section */
		28AA93C6267F610600D33F25 /* Frameworks */ = {
			isa = PBXFrameworksBuildPhase;
			buildActionMask = 2147483647;
			files = (
			);
			runOnlyForDeploymentPostprocessing = 0;
		};
		28AA93DC267F610800D33F25 /* Frameworks */ = {
			isa = PBXFrameworksBuildPhase;
			buildActionMask = 2147483647;
			files = (
			);
			runOnlyForDeploymentPostprocessing = 0;
		};
		28AA93E7267F610800D33F25 /* Frameworks */ = {
			isa = PBXFrameworksBuildPhase;
			buildActionMask = 2147483647;
			files = (
			);
			runOnlyForDeploymentPostprocessing = 0;
		};
/* End PBXFrameworksBuildPhase section */

/* Begin PBXGroup section */
		2802AC51269984F300741112 /* ViewController */ = {
			isa = PBXGroup;
			children = (
				28FB651926923F7500938AC3 /* PlayListViewController.swift */,
			);
			path = ViewController;
			sourceTree = "<group>";
		};
		2802AC522699850C00741112 /* TableViewCell */ = {
			isa = PBXGroup;
			children = (
				28FB65322692515500938AC3 /* PlayListTableViewCell.swift */,
			);
			path = TableViewCell;
			sourceTree = "<group>";
		};
		2802AC6D2699990B00741112 /* FakeData */ = {
			isa = PBXGroup;
			children = (
				2802AC6E2699993500741112 /* FakeSong.swift */,
			);
			path = FakeData;
			sourceTree = "<group>";
		};
		28AA93C0267F610600D33F25 = {
			isa = PBXGroup;
			children = (
				28AA93CB267F610600D33F25 /* MusicApp */,
				28AA93E2267F610800D33F25 /* MusicAppTests */,
				28AA93ED267F610800D33F25 /* MusicAppUITests */,
				28AA93CA267F610600D33F25 /* Products */,
			);
			sourceTree = "<group>";
		};
		28AA93CA267F610600D33F25 /* Products */ = {
			isa = PBXGroup;
			children = (
				28AA93C9267F610600D33F25 /* MusicApp.app */,
				28AA93DF267F610800D33F25 /* MusicAppTests.xctest */,
				28AA93EA267F610800D33F25 /* MusicAppUITests.xctest */,
			);
			name = Products;
			sourceTree = "<group>";
		};
		28AA93CB267F610600D33F25 /* MusicApp */ = {
			isa = PBXGroup;
			children = (
				28AA93FF267F6DB800D33F25 /* App */,
				28AA9403267F6E1100D33F25 /* Core */,
				28AA9404267F6E1D00D33F25 /* Resources */,
				28AA9405267F6E7900D33F25 /* Environments  */,
			);
			path = MusicApp;
			sourceTree = "<group>";
		};
		28AA93E2267F610800D33F25 /* MusicAppTests */ = {
			isa = PBXGroup;
			children = (
				28AA93E3267F610800D33F25 /* MusicAppTests.swift */,
				28AA93E5267F610800D33F25 /* Info.plist */,
			);
			path = MusicAppTests;
			sourceTree = "<group>";
		};
		28AA93ED267F610800D33F25 /* MusicAppUITests */ = {
			isa = PBXGroup;
			children = (
				28AA93EE267F610800D33F25 /* MusicAppUITests.swift */,
				28AA93F0267F610800D33F25 /* Info.plist */,
			);
			path = MusicAppUITests;
			sourceTree = "<group>";
		};
		28AA93FF267F6DB800D33F25 /* App */ = {
			isa = PBXGroup;
			children = (
				28AA93CC267F610600D33F25 /* AppDelegate.swift */,
				28AA93CE267F610600D33F25 /* SceneDelegate.swift */,
				28AA9400267F6DD900D33F25 /* Entity */,
				28AA9402267F6E0000D33F25 /* Flows */,
			);
			path = App;
			sourceTree = "<group>";
		};
		28AA9400267F6DD900D33F25 /* Entity */ = {
			isa = PBXGroup;
			children = (
				2802AC5F26998EE900741112 /* Song.swift */,
			);
			path = Entity;
			sourceTree = "<group>";
		};
		28AA9402267F6E0000D33F25 /* Flows */ = {
			isa = PBXGroup;
			children = (
				28FB652726924D5A00938AC3 /* PlayListViewController */,
			);
			path = Flows;
			sourceTree = "<group>";
		};
		28AA9403267F6E1100D33F25 /* Core */ = {
			isa = PBXGroup;
			children = (
			);
			path = Core;
			sourceTree = "<group>";
		};
		28AA9404267F6E1D00D33F25 /* Resources */ = {
			isa = PBXGroup;
			children = (
				28AA93D5267F610800D33F25 /* Assets.xcassets */,
				28AA93D7267F610800D33F25 /* LaunchScreen.storyboard */,
				28FB65372692549600938AC3 /* Audio */,
			);
			path = Resources;
			sourceTree = "<group>";
		};
		28AA9405267F6E7900D33F25 /* Environments  */ = {
			isa = PBXGroup;
			children = (
				28AA93DA267F610800D33F25 /* Info.plist */,
			);
			path = "Environments ";
			sourceTree = "<group>";
		};
		28FB652726924D5A00938AC3 /* PlayListViewController */ = {
			isa = PBXGroup;
			children = (
				2802AC6D2699990B00741112 /* FakeData */,
				2802AC522699850C00741112 /* TableViewCell */,
				2802AC51269984F300741112 /* ViewController */,
			);
			path = PlayListViewController;
			sourceTree = "<group>";
		};
		28FB65372692549600938AC3 /* Audio */ = {
			isa = PBXGroup;
			children = (
				28FB65382692549600938AC3 /* song1.mp3 */,
				28FB65392692549600938AC3 /* song2.mp3 */,
				28FB653A2692549600938AC3 /* song3.mp3 */,
			);
			path = Audio;
			sourceTree = "<group>";
		};
/* End PBXGroup section */

/* Begin PBXNativeTarget section */
		28AA93C8267F610600D33F25 /* MusicApp */ = {
			isa = PBXNativeTarget;
			buildConfigurationList = 28AA93F3267F610800D33F25 /* Build configuration list for PBXNativeTarget "MusicApp" */;
			buildPhases = (
				28AA93C5267F610600D33F25 /* Sources */,
				28AA93C6267F610600D33F25 /* Frameworks */,
				28AA93C7267F610600D33F25 /* Resources */,
			);
			buildRules = (
			);
			dependencies = (
			);
			name = MusicApp;
			productName = MusicApp;
			productReference = 28AA93C9267F610600D33F25 /* MusicApp.app */;
			productType = "com.apple.product-type.application";
		};
		28AA93DE267F610800D33F25 /* MusicAppTests */ = {
			isa = PBXNativeTarget;
			buildConfigurationList = 28AA93F6267F610800D33F25 /* Build configuration list for PBXNativeTarget "MusicAppTests" */;
			buildPhases = (
				28AA93DB267F610800D33F25 /* Sources */,
				28AA93DC267F610800D33F25 /* Frameworks */,
				28AA93DD267F610800D33F25 /* Resources */,
			);
			buildRules = (
			);
			dependencies = (
				28AA93E1267F610800D33F25 /* PBXTargetDependency */,
			);
			name = MusicAppTests;
			productName = MusicAppTests;
			productReference = 28AA93DF267F610800D33F25 /* MusicAppTests.xctest */;
			productType = "com.apple.product-type.bundle.unit-test";
		};
		28AA93E9267F610800D33F25 /* MusicAppUITests */ = {
			isa = PBXNativeTarget;
			buildConfigurationList = 28AA93F9267F610800D33F25 /* Build configuration list for PBXNativeTarget "MusicAppUITests" */;
			buildPhases = (
				28AA93E6267F610800D33F25 /* Sources */,
				28AA93E7267F610800D33F25 /* Frameworks */,
				28AA93E8267F610800D33F25 /* Resources */,
			);
			buildRules = (
			);
			dependencies = (
				28AA93EC267F610800D33F25 /* PBXTargetDependency */,
			);
			name = MusicAppUITests;
			productName = MusicAppUITests;
			productReference = 28AA93EA267F610800D33F25 /* MusicAppUITests.xctest */;
			productType = "com.apple.product-type.bundle.ui-testing";
		};
/* End PBXNativeTarget section */

/* Begin PBXProject section */
		28AA93C1267F610600D33F25 /* Project object */ = {
			isa = PBXProject;
			attributes = {
				LastSwiftUpdateCheck = 1240;
				LastUpgradeCheck = 1240;
				TargetAttributes = {
					28AA93C8267F610600D33F25 = {
						CreatedOnToolsVersion = 12.4;
					};
					28AA93DE267F610800D33F25 = {
						CreatedOnToolsVersion = 12.4;
						TestTargetID = 28AA93C8267F610600D33F25;
					};
					28AA93E9267F610800D33F25 = {
						CreatedOnToolsVersion = 12.4;
						TestTargetID = 28AA93C8267F610600D33F25;
					};
				};
			};
			buildConfigurationList = 28AA93C4267F610600D33F25 /* Build configuration list for PBXProject "MusicApp" */;
			compatibilityVersion = "Xcode 9.3";
			developmentRegion = en;
			hasScannedForEncodings = 0;
			knownRegions = (
				en,
				Base,
			);
			mainGroup = 28AA93C0267F610600D33F25;
			productRefGroup = 28AA93CA267F610600D33F25 /* Products */;
			projectDirPath = "";
			projectRoot = "";
			targets = (
				28AA93C8267F610600D33F25 /* MusicApp */,
				28AA93DE267F610800D33F25 /* MusicAppTests */,
				28AA93E9267F610800D33F25 /* MusicAppUITests */,
			);
		};
/* End PBXProject section */

/* Begin PBXResourcesBuildPhase section */
		28AA93C7267F610600D33F25 /* Resources */ = {
			isa = PBXResourcesBuildPhase;
			buildActionMask = 2147483647;
			files = (
				28FB653C2692549600938AC3 /* song2.mp3 in Resources */,
				28AA93D9267F610800D33F25 /* LaunchScreen.storyboard in Resources */,
				28FB653D2692549600938AC3 /* song3.mp3 in Resources */,
				28FB653B2692549600938AC3 /* song1.mp3 in Resources */,
				28AA93D6267F610800D33F25 /* Assets.xcassets in Resources */,
			);
			runOnlyForDeploymentPostprocessing = 0;
		};
		28AA93DD267F610800D33F25 /* Resources */ = {
			isa = PBXResourcesBuildPhase;
			buildActionMask = 2147483647;
			files = (
			);
			runOnlyForDeploymentPostprocessing = 0;
		};
		28AA93E8267F610800D33F25 /* Resources */ = {
			isa = PBXResourcesBuildPhase;
			buildActionMask = 2147483647;
			files = (
			);
			runOnlyForDeploymentPostprocessing = 0;
		};
/* End PBXResourcesBuildPhase section */

/* Begin PBXSourcesBuildPhase section */
		28AA93C5267F610600D33F25 /* Sources */ = {
			isa = PBXSourcesBuildPhase;
			buildActionMask = 2147483647;
			files = (
				2802AC6026998EE900741112 /* Song.swift in Sources */,
				28AA93CD267F610600D33F25 /* AppDelegate.swift in Sources */,
				2802AC6F2699993500741112 /* FakeSong.swift in Sources */,
				28FB65332692515500938AC3 /* PlayListTableViewCell.swift in Sources */,
				28AA93CF267F610600D33F25 /* SceneDelegate.swift in Sources */,
				28FB651A26923F7500938AC3 /* PlayListViewController.swift in Sources */,
			);
			runOnlyForDeploymentPostprocessing = 0;
		};
		28AA93DB267F610800D33F25 /* Sources */ = {
			isa = PBXSourcesBuildPhase;
			buildActionMask = 2147483647;
			files = (
				28AA93E4267F610800D33F25 /* MusicAppTests.swift in Sources */,
			);
			runOnlyForDeploymentPostprocessing = 0;
		};
		28AA93E6267F610800D33F25 /* Sources */ = {
			isa = PBXSourcesBuildPhase;
			buildActionMask = 2147483647;
			files = (
				28AA93EF267F610800D33F25 /* MusicAppUITests.swift in Sources */,
			);
			runOnlyForDeploymentPostprocessing = 0;
		};
/* End PBXSourcesBuildPhase section */

/* Begin PBXTargetDependency section */
		28AA93E1267F610800D33F25 /* PBXTargetDependency */ = {
			isa = PBXTargetDependency;
			target = 28AA93C8267F610600D33F25 /* MusicApp */;
			targetProxy = 28AA93E0267F610800D33F25 /* PBXContainerItemProxy */;
		};
		28AA93EC267F610800D33F25 /* PBXTargetDependency */ = {
			isa = PBXTargetDependency;
			target = 28AA93C8267F610600D33F25 /* MusicApp */;
			targetProxy = 28AA93EB267F610800D33F25 /* PBXContainerItemProxy */;
		};
/* End PBXTargetDependency section */

/* Begin PBXVariantGroup section */
		28AA93D7267F610800D33F25 /* LaunchScreen.storyboard */ = {
			isa = PBXVariantGroup;
			children = (
				28AA93D8267F610800D33F25 /* Base */,
			);
			name = LaunchScreen.storyboard;
			sourceTree = "<group>";
		};
/* End PBXVariantGroup section */

/* Begin XCBuildConfiguration section */
		28AA93F1267F610800D33F25 /* Debug */ = {
			isa = XCBuildConfiguration;
			buildSettings = {
				ALWAYS_SEARCH_USER_PATHS = NO;
				CLANG_ANALYZER_NONNULL = YES;
				CLANG_ANALYZER_NUMBER_OBJECT_CONVERSION = YES_AGGRESSIVE;
				CLANG_CXX_LANGUAGE_STANDARD = "gnu++14";
				CLANG_CXX_LIBRARY = "libc++";
				CLANG_ENABLE_MODULES = YES;
				CLANG_ENABLE_OBJC_ARC = YES;
				CLANG_ENABLE_OBJC_WEAK = YES;
				CLANG_WARN_BLOCK_CAPTURE_AUTORELEASING = YES;
				CLANG_WARN_BOOL_CONVERSION = YES;
				CLANG_WARN_COMMA = YES;
				CLANG_WARN_CONSTANT_CONVERSION = YES;
				CLANG_WARN_DEPRECATED_OBJC_IMPLEMENTATIONS = YES;
				CLANG_WARN_DIRECT_OBJC_ISA_USAGE = YES_ERROR;
				CLANG_WARN_DOCUMENTATION_COMMENTS = YES;
				CLANG_WARN_EMPTY_BODY = YES;
				CLANG_WARN_ENUM_CONVERSION = YES;
				CLANG_WARN_INFINITE_RECURSION = YES;
				CLANG_WARN_INT_CONVERSION = YES;
				CLANG_WARN_NON_LITERAL_NULL_CONVERSION = YES;
				CLANG_WARN_OBJC_IMPLICIT_RETAIN_SELF = YES;
				CLANG_WARN_OBJC_LITERAL_CONVERSION = YES;
				CLANG_WARN_OBJC_ROOT_CLASS = YES_ERROR;
				CLANG_WARN_QUOTED_INCLUDE_IN_FRAMEWORK_HEADER = YES;
				CLANG_WARN_RANGE_LOOP_ANALYSIS = YES;
				CLANG_WARN_STRICT_PROTOTYPES = YES;
				CLANG_WARN_SUSPICIOUS_MOVE = YES;
				CLANG_WARN_UNGUARDED_AVAILABILITY = YES_AGGRESSIVE;
				CLANG_WARN_UNREACHABLE_CODE = YES;
				CLANG_WARN__DUPLICATE_METHOD_MATCH = YES;
				COPY_PHASE_STRIP = NO;
				DEBUG_INFORMATION_FORMAT = dwarf;
				ENABLE_STRICT_OBJC_MSGSEND = YES;
				ENABLE_TESTABILITY = YES;
				GCC_C_LANGUAGE_STANDARD = gnu11;
				GCC_DYNAMIC_NO_PIC = NO;
				GCC_NO_COMMON_BLOCKS = YES;
				GCC_OPTIMIZATION_LEVEL = 0;
				GCC_PREPROCESSOR_DEFINITIONS = (
					"DEBUG=1",
					"$(inherited)",
				);
				GCC_WARN_64_TO_32_BIT_CONVERSION = YES;
				GCC_WARN_ABOUT_RETURN_TYPE = YES_ERROR;
				GCC_WARN_UNDECLARED_SELECTOR = YES;
				GCC_WARN_UNINITIALIZED_AUTOS = YES_AGGRESSIVE;
				GCC_WARN_UNUSED_FUNCTION = YES;
				GCC_WARN_UNUSED_VARIABLE = YES;
				IPHONEOS_DEPLOYMENT_TARGET = 14.4;
				MTL_ENABLE_DEBUG_INFO = INCLUDE_SOURCE;
				MTL_FAST_MATH = YES;
				ONLY_ACTIVE_ARCH = YES;
				SDKROOT = iphoneos;
				SWIFT_ACTIVE_COMPILATION_CONDITIONS = DEBUG;
				SWIFT_OPTIMIZATION_LEVEL = "-Onone";
			};
			name = Debug;
		};
		28AA93F2267F610800D33F25 /* Release */ = {
			isa = XCBuildConfiguration;
			buildSettings = {
				ALWAYS_SEARCH_USER_PATHS = NO;
				CLANG_ANALYZER_NONNULL = YES;
				CLANG_ANALYZER_NUMBER_OBJECT_CONVERSION = YES_AGGRESSIVE;
				CLANG_CXX_LANGUAGE_STANDARD = "gnu++14";
				CLANG_CXX_LIBRARY = "libc++";
				CLANG_ENABLE_MODULES = YES;
				CLANG_ENABLE_OBJC_ARC = YES;
				CLANG_ENABLE_OBJC_WEAK = YES;
				CLANG_WARN_BLOCK_CAPTURE_AUTORELEASING = YES;
				CLANG_WARN_BOOL_CONVERSION = YES;
				CLANG_WARN_COMMA = YES;
				CLANG_WARN_CONSTANT_CONVERSION = YES;
				CLANG_WARN_DEPRECATED_OBJC_IMPLEMENTATIONS = YES;
				CLANG_WARN_DIRECT_OBJC_ISA_USAGE = YES_ERROR;
				CLANG_WARN_DOCUMENTATION_COMMENTS = YES;
				CLANG_WARN_EMPTY_BODY = YES;
				CLANG_WARN_ENUM_CONVERSION = YES;
				CLANG_WARN_INFINITE_RECURSION = YES;
				CLANG_WARN_INT_CONVERSION = YES;
				CLANG_WARN_NON_LITERAL_NULL_CONVERSION = YES;
				CLANG_WARN_OBJC_IMPLICIT_RETAIN_SELF = YES;
				CLANG_WARN_OBJC_LITERAL_CONVERSION = YES;
				CLANG_WARN_OBJC_ROOT_CLASS = YES_ERROR;
				CLANG_WARN_QUOTED_INCLUDE_IN_FRAMEWORK_HEADER = YES;
				CLANG_WARN_RANGE_LOOP_ANALYSIS = YES;
				CLANG_WARN_STRICT_PROTOTYPES = YES;
				CLANG_WARN_SUSPICIOUS_MOVE = YES;
				CLANG_WARN_UNGUARDED_AVAILABILITY = YES_AGGRESSIVE;
				CLANG_WARN_UNREACHABLE_CODE = YES;
				CLANG_WARN__DUPLICATE_METHOD_MATCH = YES;
				COPY_PHASE_STRIP = NO;
				DEBUG_INFORMATION_FORMAT = "dwarf-with-dsym";
				ENABLE_NS_ASSERTIONS = NO;
				ENABLE_STRICT_OBJC_MSGSEND = YES;
				GCC_C_LANGUAGE_STANDARD = gnu11;
				GCC_NO_COMMON_BLOCKS = YES;
				GCC_WARN_64_TO_32_BIT_CONVERSION = YES;
				GCC_WARN_ABOUT_RETURN_TYPE = YES_ERROR;
				GCC_WARN_UNDECLARED_SELECTOR = YES;
				GCC_WARN_UNINITIALIZED_AUTOS = YES_AGGRESSIVE;
				GCC_WARN_UNUSED_FUNCTION = YES;
				GCC_WARN_UNUSED_VARIABLE = YES;
				IPHONEOS_DEPLOYMENT_TARGET = 14.4;
				MTL_ENABLE_DEBUG_INFO = NO;
				MTL_FAST_MATH = YES;
				SDKROOT = iphoneos;
				SWIFT_COMPILATION_MODE = wholemodule;
				SWIFT_OPTIMIZATION_LEVEL = "-O";
				VALIDATE_PRODUCT = YES;
			};
			name = Release;
		};
		28AA93F4267F610800D33F25 /* Debug */ = {
			isa = XCBuildConfiguration;
			buildSettings = {
				ASSETCATALOG_COMPILER_APPICON_NAME = AppIcon;
				ASSETCATALOG_COMPILER_GLOBAL_ACCENT_COLOR_NAME = AccentColor;
				CODE_SIGN_STYLE = Automatic;
				DEVELOPMENT_TEAM = 8545KP6MGS;
				INFOPLIST_FILE = "MusicApp/Environments /Info.plist";
				LD_RUNPATH_SEARCH_PATHS = (
					"$(inherited)",
					"@executable_path/Frameworks",
				);
				PRODUCT_BUNDLE_IDENTIFIER = UIKit.MusicApp;
				PRODUCT_NAME = "$(TARGET_NAME)";
				SWIFT_VERSION = 5.0;
				TARGETED_DEVICE_FAMILY = "1,2";
			};
			name = Debug;
		};
		28AA93F5267F610800D33F25 /* Release */ = {
			isa = XCBuildConfiguration;
			buildSettings = {
				ASSETCATALOG_COMPILER_APPICON_NAME = AppIcon;
				ASSETCATALOG_COMPILER_GLOBAL_ACCENT_COLOR_NAME = AccentColor;
				CODE_SIGN_STYLE = Automatic;
				DEVELOPMENT_TEAM = 8545KP6MGS;
				INFOPLIST_FILE = "MusicApp/Environments /Info.plist";
				LD_RUNPATH_SEARCH_PATHS = (
					"$(inherited)",
					"@executable_path/Frameworks",
				);
				PRODUCT_BUNDLE_IDENTIFIER = UIKit.MusicApp;
				PRODUCT_NAME = "$(TARGET_NAME)";
				SWIFT_VERSION = 5.0;
				TARGETED_DEVICE_FAMILY = "1,2";
			};
			name = Release;
		};
		28AA93F7267F610800D33F25 /* Debug */ = {
			isa = XCBuildConfiguration;
			buildSettings = {
				ALWAYS_EMBED_SWIFT_STANDARD_LIBRARIES = YES;
				BUNDLE_LOADER = "$(TEST_HOST)";
				CODE_SIGN_STYLE = Automatic;
				DEVELOPMENT_TEAM = 8545KP6MGS;
				INFOPLIST_FILE = MusicAppTests/Info.plist;
				IPHONEOS_DEPLOYMENT_TARGET = 14.4;
				LD_RUNPATH_SEARCH_PATHS = (
					"$(inherited)",
					"@executable_path/Frameworks",
					"@loader_path/Frameworks",
				);
				PRODUCT_BUNDLE_IDENTIFIER = UIKit.MusicAppTests;
				PRODUCT_NAME = "$(TARGET_NAME)";
				SWIFT_VERSION = 5.0;
				TARGETED_DEVICE_FAMILY = "1,2";
				TEST_HOST = "$(BUILT_PRODUCTS_DIR)/MusicApp.app/MusicApp";
			};
			name = Debug;
		};
		28AA93F8267F610800D33F25 /* Release */ = {
			isa = XCBuildConfiguration;
			buildSettings = {
				ALWAYS_EMBED_SWIFT_STANDARD_LIBRARIES = YES;
				BUNDLE_LOADER = "$(TEST_HOST)";
				CODE_SIGN_STYLE = Automatic;
				DEVELOPMENT_TEAM = 8545KP6MGS;
				INFOPLIST_FILE = MusicAppTests/Info.plist;
				IPHONEOS_DEPLOYMENT_TARGET = 14.4;
				LD_RUNPATH_SEARCH_PATHS = (
					"$(inherited)",
					"@executable_path/Frameworks",
					"@loader_path/Frameworks",
				);
				PRODUCT_BUNDLE_IDENTIFIER = UIKit.MusicAppTests;
				PRODUCT_NAME = "$(TARGET_NAME)";
				SWIFT_VERSION = 5.0;
				TARGETED_DEVICE_FAMILY = "1,2";
				TEST_HOST = "$(BUILT_PRODUCTS_DIR)/MusicApp.app/MusicApp";
			};
			name = Release;
		};
		28AA93FA267F610800D33F25 /* Debug */ = {
			isa = XCBuildConfiguration;
			buildSettings = {
				ALWAYS_EMBED_SWIFT_STANDARD_LIBRARIES = YES;
				CODE_SIGN_STYLE = Automatic;
				DEVELOPMENT_TEAM = 8545KP6MGS;
				INFOPLIST_FILE = MusicAppUITests/Info.plist;
				LD_RUNPATH_SEARCH_PATHS = (
					"$(inherited)",
					"@executable_path/Frameworks",
					"@loader_path/Frameworks",
				);
				PRODUCT_BUNDLE_IDENTIFIER = UIKit.MusicAppUITests;
				PRODUCT_NAME = "$(TARGET_NAME)";
				SWIFT_VERSION = 5.0;
				TARGETED_DEVICE_FAMILY = "1,2";
				TEST_TARGET_NAME = MusicApp;
			};
			name = Debug;
		};
		28AA93FB267F610800D33F25 /* Release */ = {
			isa = XCBuildConfiguration;
			buildSettings = {
				ALWAYS_EMBED_SWIFT_STANDARD_LIBRARIES = YES;
				CODE_SIGN_STYLE = Automatic;
				DEVELOPMENT_TEAM = 8545KP6MGS;
				INFOPLIST_FILE = MusicAppUITests/Info.plist;
				LD_RUNPATH_SEARCH_PATHS = (
					"$(inherited)",
					"@executable_path/Frameworks",
					"@loader_path/Frameworks",
				);
				PRODUCT_BUNDLE_IDENTIFIER = UIKit.MusicAppUITests;
				PRODUCT_NAME = "$(TARGET_NAME)";
				SWIFT_VERSION = 5.0;
				TARGETED_DEVICE_FAMILY = "1,2";
				TEST_TARGET_NAME = MusicApp;
			};
			name = Release;
		};
/* End XCBuildConfiguration section */

/* Begin XCConfigurationList section */
		28AA93C4267F610600D33F25 /* Build configuration list for PBXProject "MusicApp" */ = {
			isa = XCConfigurationList;
			buildConfigurations = (
				28AA93F1267F610800D33F25 /* Debug */,
				28AA93F2267F610800D33F25 /* Release */,
			);
			defaultConfigurationIsVisible = 0;
			defaultConfigurationName = Release;
		};
		28AA93F3267F610800D33F25 /* Build configuration list for PBXNativeTarget "MusicApp" */ = {
			isa = XCConfigurationList;
			buildConfigurations = (
				28AA93F4267F610800D33F25 /* Debug */,
				28AA93F5267F610800D33F25 /* Release */,
			);
			defaultConfigurationIsVisible = 0;
			defaultConfigurationName = Release;
		};
		28AA93F6267F610800D33F25 /* Build configuration list for PBXNativeTarget "MusicAppTests" */ = {
			isa = XCConfigurationList;
			buildConfigurations = (
				28AA93F7267F610800D33F25 /* Debug */,
				28AA93F8267F610800D33F25 /* Release */,
			);
			defaultConfigurationIsVisible = 0;
			defaultConfigurationName = Release;
		};
		28AA93F9267F610800D33F25 /* Build configuration list for PBXNativeTarget "MusicAppUITests" */ = {
			isa = XCConfigurationList;
			buildConfigurations = (
				28AA93FA267F610800D33F25 /* Debug */,
				28AA93FB267F610800D33F25 /* Release */,
			);
			defaultConfigurationIsVisible = 0;
			defaultConfigurationName = Release;
		};
/* End XCConfigurationList section */
	};
	rootObject = 28AA93C1267F610600D33F25 /* Project object */;
}
